
Microsoft Visual Studio Solution File, Format Version 12.00
# Visual Studio Version 16
VisualStudioVersion = 25.0.1700.3
MinimumVisualStudioVersion = 10.0.40219.1
Project("{FAE04EC0-301F-11D3-BF4B-00C04F79EFBC}") = "PracticeLinq", "PracticeLinq\PracticeLinq.csproj", "{FBCB1923-7BFF-4AA8-AC6C-BA90857AAC0F}"
EndProject
Global
	GlobalSection(SolutionConfigurationPlatforms) = preSolution
		Debug|Any CPU = Debug|Any CPU
		Release|Any CPU = Release|Any CPU
	EndGlobalSection
	GlobalSection(ProjectConfigurationPlatforms) = postSolution
		{FBCB1923-7BFF-4AA8-AC6C-BA90857AAC0F}.Debug|Any CPU.ActiveCfg = Debug|Any CPU
		{FBCB1923-7BFF-4AA8-AC6C-BA90857AAC0F}.Debug|Any CPU.Build.0 = Debug|Any CPU
		{FBCB1923-7BFF-4AA8-AC6C-BA90857AAC0F}.Release|Any CPU.ActiveCfg = Release|Any CPU
		{FBCB1923-7BFF-4AA8-AC6C-BA90857AAC0F}.Release|Any CPU.Build.0 = Release|Any CPU
	EndGlobalSection
	GlobalSection(SolutionProperties) = preSolution
		HideSolutionNode = FALSE
	EndGlobalSection
	GlobalSection(ExtensibilityGlobals) = postSolution
		SolutionGuid = {7D01DF05-E465-41B4-8B66-5D20206A09A9}
	EndGlobalSection
EndGlobal
